
Microsoft Visual Studio Solution File, Format Version 12.00
# Visual Studio Version 16
VisualStudioVersion = 16.0.31019.35
MinimumVisualStudioVersion = 10.0.40219.1
Project("{FAE04EC0-301F-11D3-BF4B-00C04F79EFBC}") = "StudentsandTeacherDetailsUsingNuGet", "StudentsandTeacherDetailsUsingNuGet\StudentsandTeacherDetailsUsingNuGet.csproj", "{CE3C0DD5-DD44-454F-BC46-338A90CD95F6}"
EndProject
Global
	GlobalSection(SolutionConfigurationPlatforms) = preSolution
		Debug|Any CPU = Debug|Any CPU
		Release|Any CPU = Release|Any CPU
	EndGlobalSection
	GlobalSection(ProjectConfigurationPlatforms) = postSolution
		{CE3C0DD5-DD44-454F-BC46-338A90CD95F6}.Debug|Any CPU.ActiveCfg = Debug|Any CPU
		{CE3C0DD5-DD44-454F-BC46-338A90CD95F6}.Debug|Any CPU.Build.0 = Debug|Any CPU
		{CE3C0DD5-DD44-454F-BC46-338A90CD95F6}.Release|Any CPU.ActiveCfg = Release|Any CPU
		{CE3C0DD5-DD44-454F-BC46-338A90CD95F6}.Release|Any CPU.Build.0 = Release|Any CPU
	EndGlobalSection
	GlobalSection(SolutionProperties) = preSolution
		HideSolutionNode = FALSE
	EndGlobalSection
	GlobalSection(ExtensibilityGlobals) = postSolution
		SolutionGuid = {AF02A97D-2A64-4D80-B358-85E425F2A8F6}
	EndGlobalSection
EndGlobal
